
Microsoft Visual Studio Solution File, Format Version 12.00
# Visual Studio 15
VisualStudioVersion = 15.0.26124.0
MinimumVisualStudioVersion = 15.0.26124.0
Project("{FAE04EC0-301F-11D3-BF4B-00C04F79EFBC}") = "API", "API\API.csproj", "{3F954FD2-305D-4439-B88E-E2D3C0D3D1AD}"
EndProject
Project("{FAE04EC0-301F-11D3-BF4B-00C04F79EFBC}") = "Core", "Core\Core.csproj", "{F7919622-F72C-47E9-8038-0B159959E930}"
EndProject
Project("{FAE04EC0-301F-11D3-BF4B-00C04F79EFBC}") = "Infrastructure", "Infrastructure\Infrastructure.csproj", "{E5AD94B6-F4BF-439E-9F7A-946682E9F484}"
EndProject
Global
	GlobalSection(SolutionConfigurationPlatforms) = preSolution
		Debug|Any CPU = Debug|Any CPU
		Debug|x64 = Debug|x64
		Debug|x86 = Debug|x86
		Release|Any CPU = Release|Any CPU
		Release|x64 = Release|x64
		Release|x86 = Release|x86
	EndGlobalSection
	GlobalSection(SolutionProperties) = preSolution
		HideSolutionNode = FALSE
	EndGlobalSection
	GlobalSection(ProjectConfigurationPlatforms) = postSolution
		{3F954FD2-305D-4439-B88E-E2D3C0D3D1AD}.Debug|Any CPU.ActiveCfg = Debug|Any CPU
		{3F954FD2-305D-4439-B88E-E2D3C0D3D1AD}.Debug|Any CPU.Build.0 = Debug|Any CPU
		{3F954FD2-305D-4439-B88E-E2D3C0D3D1AD}.Debug|x64.ActiveCfg = Debug|Any CPU
		{3F954FD2-305D-4439-B88E-E2D3C0D3D1AD}.Debug|x64.Build.0 = Debug|Any CPU
		{3F954FD2-305D-4439-B88E-E2D3C0D3D1AD}.Debug|x86.ActiveCfg = Debug|Any CPU
		{3F954FD2-305D-4439-B88E-E2D3C0D3D1AD}.Debug|x86.Build.0 = Debug|Any CPU
		{3F954FD2-305D-4439-B88E-E2D3C0D3D1AD}.Release|Any CPU.ActiveCfg = Release|Any CPU
		{3F954FD2-305D-4439-B88E-E2D3C0D3D1AD}.Release|Any CPU.Build.0 = Release|Any CPU
		{3F954FD2-305D-4439-B88E-E2D3C0D3D1AD}.Release|x64.ActiveCfg = Release|Any CPU
		{3F954FD2-305D-4439-B88E-E2D3C0D3D1AD}.Release|x64.Build.0 = Release|Any CPU
		{3F954FD2-305D-4439-B88E-E2D3C0D3D1AD}.Release|x86.ActiveCfg = Release|Any CPU
		{3F954FD2-305D-4439-B88E-E2D3C0D3D1AD}.Release|x86.Build.0 = Release|Any CPU
		{F7919622-F72C-47E9-8038-0B159959E930}.Debug|Any CPU.ActiveCfg = Debug|Any CPU
		{F7919622-F72C-47E9-8038-0B159959E930}.Debug|Any CPU.Build.0 = Debug|Any CPU
		{F7919622-F72C-47E9-8038-0B159959E930}.Debug|x64.ActiveCfg = Debug|Any CPU
		{F7919622-F72C-47E9-8038-0B159959E930}.Debug|x64.Build.0 = Debug|Any CPU
		{F7919622-F72C-47E9-8038-0B159959E930}.Debug|x86.ActiveCfg = Debug|Any CPU
		{F7919622-F72C-47E9-8038-0B159959E930}.Debug|x86.Build.0 = Debug|Any CPU
		{F7919622-F72C-47E9-8038-0B159959E930}.Release|Any CPU.ActiveCfg = Release|Any CPU
		{F7919622-F72C-47E9-8038-0B159959E930}.Release|Any CPU.Build.0 = Release|Any CPU
		{F7919622-F72C-47E9-8038-0B159959E930}.Release|x64.ActiveCfg = Release|Any CPU
		{F7919622-F72C-47E9-8038-0B159959E930}.Release|x64.Build.0 = Release|Any CPU
		{F7919622-F72C-47E9-8038-0B159959E930}.Release|x86.ActiveCfg = Release|Any CPU
		{F7919622-F72C-47E9-8038-0B159959E930}.Release|x86.Build.0 = Release|Any CPU
		{E5AD94B6-F4BF-439E-9F7A-946682E9F484}.Debug|Any CPU.ActiveCfg = Debug|Any CPU
		{E5AD94B6-F4BF-439E-9F7A-946682E9F484}.Debug|Any CPU.Build.0 = Debug|Any CPU
		{E5AD94B6-F4BF-439E-9F7A-946682E9F484}.Debug|x64.ActiveCfg = Debug|Any CPU
		{E5AD94B6-F4BF-439E-9F7A-946682E9F484}.Debug|x64.Build.0 = Debug|Any CPU
		{E5AD94B6-F4BF-439E-9F7A-946682E9F484}.Debug|x86.ActiveCfg = Debug|Any CPU
		{E5AD94B6-F4BF-439E-9F7A-946682E9F484}.Debug|x86.Build.0 = Debug|Any CPU
		{E5AD94B6-F4BF-439E-9F7A-946682E9F484}.Release|Any CPU.ActiveCfg = Release|Any CPU
		{E5AD94B6-F4BF-439E-9F7A-946682E9F484}.Release|Any CPU.Build.0 = Release|Any CPU
		{E5AD94B6-F4BF-439E-9F7A-946682E9F484}.Release|x64.ActiveCfg = Release|Any CPU
		{E5AD94B6-F4BF-439E-9F7A-946682E9F484}.Release|x64.Build.0 = Release|Any CPU
		{E5AD94B6-F4BF-439E-9F7A-946682E9F484}.Release|x86.ActiveCfg = Release|Any CPU
		{E5AD94B6-F4BF-439E-9F7A-946682E9F484}.Release|x86.Build.0 = Release|Any CPU
	EndGlobalSection
EndGlobal
